// !$*UTF8*$!
{
	archiveVersion = 1;
	classes = {
	};
	objectVersion = 46;
	objects = {

/* Begin PBXBuildFile section */
		8E633019672390EF9D01B383 /* libPods.a in Frameworks */ = {isa = PBXBuildFile; fileRef = 1B7E6F089C9FB8AE54CA8B8E /* libPods.a */; };
		FE8260881B330C4000B77C1D /* CatsTableViewController.swift in Sources */ = {isa = PBXBuildFile; fileRef = FE8260871B330C4000B77C1D /* CatsTableViewController.swift */; };
		FEA38BD41B321CCC006C8E04 /* AppDelegate.swift in Sources */ = {isa = PBXBuildFile; fileRef = FEA38BD31B321CCC006C8E04 /* AppDelegate.swift */; };
		FEA38BD61B321CCC006C8E04 /* ViewController.swift in Sources */ = {isa = PBXBuildFile; fileRef = FEA38BD51B321CCC006C8E04 /* ViewController.swift */; };
		FEA38BD91B321CCC006C8E04 /* Main.storyboard in Resources */ = {isa = PBXBuildFile; fileRef = FEA38BD71B321CCC006C8E04 /* Main.storyboard */; };
		FEA38BDB1B321CCC006C8E04 /* Images.xcassets in Resources */ = {isa = PBXBuildFile; fileRef = FEA38BDA1B321CCC006C8E04 /* Images.xcassets */; };
		FEA38BDE1B321CCC006C8E04 /* LaunchScreen.xib in Resources */ = {isa = PBXBuildFile; fileRef = FEA38BDC1B321CCC006C8E04 /* LaunchScreen.xib */; };
		FEA38BEA1B321CCC006C8E04 /* PawsTests.swift in Sources */ = {isa = PBXBuildFile; fileRef = FEA38BE91B321CCC006C8E04 /* PawsTests.swift */; };
/* End PBXBuildFile section */

/* Begin PBXContainerItemProxy section */
		FEA38BE41B321CCC006C8E04 /* PBXContainerItemProxy */ = {
			isa = PBXContainerItemProxy;
			containerPortal = FEA38BC61B321CCC006C8E04 /* Project object */;
			proxyType = 1;
			remoteGlobalIDString = FEA38BCD1B321CCC006C8E04;
			remoteInfo = Paws;
		};
/* End PBXContainerItemProxy section */

/* Begin PBXFileReference section */
		1B7E6F089C9FB8AE54CA8B8E /* libPods.a */ = {isa = PBXFileReference; explicitFileType = archive.ar; includeInIndex = 0; path = libPods.a; sourceTree = BUILT_PRODUCTS_DIR; };
		544903C17FF0D36390A30F8C /* Pods.release.xcconfig */ = {isa = PBXFileReference; includeInIndex = 1; lastKnownFileType = text.xcconfig; name = Pods.release.xcconfig; path = "Pods/Target Support Files/Pods/Pods.release.xcconfig"; sourceTree = "<group>"; };
		B1401939B033AA764449A237 /* Pods.debug.xcconfig */ = {isa = PBXFileReference; includeInIndex = 1; lastKnownFileType = text.xcconfig; name = Pods.debug.xcconfig; path = "Pods/Target Support Files/Pods/Pods.debug.xcconfig"; sourceTree = "<group>"; };
		FE8260871B330C4000B77C1D /* CatsTableViewController.swift */ = {isa = PBXFileReference; fileEncoding = 4; lastKnownFileType = sourcecode.swift; path = CatsTableViewController.swift; sourceTree = "<group>"; };
		FEA38BCE1B321CCC006C8E04 /* Paws.app */ = {isa = PBXFileReference; explicitFileType = wrapper.application; includeInIndex = 0; path = Paws.app; sourceTree = BUILT_PRODUCTS_DIR; };
		FEA38BD21B321CCC006C8E04 /* Info.plist */ = {isa = PBXFileReference; lastKnownFileType = text.plist.xml; path = Info.plist; sourceTree = "<group>"; };
		FEA38BD31B321CCC006C8E04 /* AppDelegate.swift */ = {isa = PBXFileReference; lastKnownFileType = sourcecode.swift; path = AppDelegate.swift; sourceTree = "<group>"; };
		FEA38BD51B321CCC006C8E04 /* ViewController.swift */ = {isa = PBXFileReference; lastKnownFileType = sourcecode.swift; path = ViewController.swift; sourceTree = "<group>"; };
		FEA38BD81B321CCC006C8E04 /* Base */ = {isa = PBXFileReference; lastKnownFileType = file.storyboard; name = Base; path = Base.lproj/Main.storyboard; sourceTree = "<group>"; };
		FEA38BDA1B321CCC006C8E04 /* Images.xcassets */ = {isa = PBXFileReference; lastKnownFileType = folder.assetcatalog; path = Images.xcassets; sourceTree = "<group>"; };
		FEA38BDD1B321CCC006C8E04 /* Base */ = {isa = PBXFileReference; lastKnownFileType = file.xib; name = Base; path = Base.lproj/LaunchScreen.xib; sourceTree = "<group>"; };
		FEA38BE31B321CCC006C8E04 /* PawsTests.xctest */ = {isa = PBXFileReference; explicitFileType = wrapper.cfbundle; includeInIndex = 0; path = PawsTests.xctest; sourceTree = BUILT_PRODUCTS_DIR; };
		FEA38BE81B321CCC006C8E04 /* Info.plist */ = {isa = PBXFileReference; lastKnownFileType = text.plist.xml; path = Info.plist; sourceTree = "<group>"; };
		FEA38BE91B321CCC006C8E04 /* PawsTests.swift */ = {isa = PBXFileReference; lastKnownFileType = sourcecode.swift; path = PawsTests.swift; sourceTree = "<group>"; };
		FEC139E11B32201E0027E33E /* Paws-Bridging-Header.h */ = {isa = PBXFileReference; lastKnownFileType = sourcecode.c.h; path = "Paws-Bridging-Header.h"; sourceTree = "<group>"; };
/* End PBXFileReference section */

/* Begin PBXFrameworksBuildPhase section */
		FEA38BCB1B321CCC006C8E04 /* Frameworks */ = {
			isa = PBXFrameworksBuildPhase;
			buildActionMask = 2147483647;
			files = (
				8E633019672390EF9D01B383 /* libPods.a in Frameworks */,
			);
			runOnlyForDeploymentPostprocessing = 0;
		};
		FEA38BE01B321CCC006C8E04 /* Frameworks */ = {
			isa = PBXFrameworksBuildPhase;
			buildActionMask = 2147483647;
			files = (
			);
			runOnlyForDeploymentPostprocessing = 0;
		};
/* End PBXFrameworksBuildPhase section */

/* Begin PBXGroup section */
		09A7D0A30E237BCB4EB7C71E /* Pods */ = {
			isa = PBXGroup;
			children = (
				B1401939B033AA764449A237 /* Pods.debug.xcconfig */,
				544903C17FF0D36390A30F8C /* Pods.release.xcconfig */,
			);
			name = Pods;
			sourceTree = "<group>";
		};
		27279A8D485C25F7D0B6ABC5 /* Frameworks */ = {
			isa = PBXGroup;
			children = (
				1B7E6F089C9FB8AE54CA8B8E /* libPods.a */,
			);
			name = Frameworks;
			sourceTree = "<group>";
		};
		FEA38BC51B321CCC006C8E04 = {
			isa = PBXGroup;
			children = (
				FEA38BD01B321CCC006C8E04 /* Paws */,
				FEA38BE61B321CCC006C8E04 /* PawsTests */,
				FEA38BCF1B321CCC006C8E04 /* Products */,
				09A7D0A30E237BCB4EB7C71E /* Pods */,
				27279A8D485C25F7D0B6ABC5 /* Frameworks */,
			);
			sourceTree = "<group>";
		};
		FEA38BCF1B321CCC006C8E04 /* Products */ = {
			isa = PBXGroup;
			children = (
				FEA38BCE1B321CCC006C8E04 /* Paws.app */,
				FEA38BE31B321CCC006C8E04 /* PawsTests.xctest */,
			);
			name = Products;
			sourceTree = "<group>";
		};
		FEA38BD01B321CCC006C8E04 /* Paws */ = {
			isa = PBXGroup;
			children = (
				FEA38BD31B321CCC006C8E04 /* AppDelegate.swift */,
				FEA38BD51B321CCC006C8E04 /* ViewController.swift */,
				FEA38BD71B321CCC006C8E04 /* Main.storyboard */,
				FEA38BDA1B321CCC006C8E04 /* Images.xcassets */,
				FEA38BDC1B321CCC006C8E04 /* LaunchScreen.xib */,
				FEA38BD11B321CCC006C8E04 /* Supporting Files */,
				FEC139E11B32201E0027E33E /* Paws-Bridging-Header.h */,
				FE8260871B330C4000B77C1D /* CatsTableViewController.swift */,
			);
			path = Paws;
			sourceTree = "<group>";
		};
		FEA38BD11B321CCC006C8E04 /* Supporting Files */ = {
			isa = PBXGroup;
			children = (
				FEA38BD21B321CCC006C8E04 /* Info.plist */,
			);
			name = "Supporting Files";
			sourceTree = "<group>";
		};
		FEA38BE61B321CCC006C8E04 /* PawsTests */ = {
			isa = PBXGroup;
			children = (
				FEA38BE91B321CCC006C8E04 /* PawsTests.swift */,
				FEA38BE71B321CCC006C8E04 /* Supporting Files */,
			);
			path = PawsTests;
			sourceTree = "<group>";
		};
		FEA38BE71B321CCC006C8E04 /* Supporting Files */ = {
			isa = PBXGroup;
			children = (
				FEA38BE81B321CCC006C8E04 /* Info.plist */,
			);
			name = "Supporting Files";
			sourceTree = "<group>";
		};
/* End PBXGroup section */

/* Begin PBXNativeTarget section */
		FEA38BCD1B321CCC006C8E04 /* Paws */ = {
			isa = PBXNativeTarget;
			buildConfigurationList = FEA38BED1B321CCC006C8E04 /* Build configuration list for PBXNativeTarget "Paws" */;
			buildPhases = (
				4755988BDD939622BB6796D0 /* Check Pods Manifest.lock */,
				FEA38BCA1B321CCC006C8E04 /* Sources */,
				FEA38BCB1B321CCC006C8E04 /* Frameworks */,
				FEA38BCC1B321CCC006C8E04 /* Resources */,
				663CF69E1C169F55861E43AF /* Copy Pods Resources */,
			);
			buildRules = (
			);
			dependencies = (
			);
			name = Paws;
			productName = Paws;
			productReference = FEA38BCE1B321CCC006C8E04 /* Paws.app */;
			productType = "com.apple.product-type.application";
		};
		FEA38BE21B321CCC006C8E04 /* PawsTests */ = {
			isa = PBXNativeTarget;
			buildConfigurationList = FEA38BF01B321CCC006C8E04 /* Build configuration list for PBXNativeTarget "PawsTests" */;
			buildPhases = (
				FEA38BDF1B321CCC006C8E04 /* Sources */,
				FEA38BE01B321CCC006C8E04 /* Frameworks */,
				FEA38BE11B321CCC006C8E04 /* Resources */,
			);
			buildRules = (
			);
			dependencies = (
				FEA38BE51B321CCC006C8E04 /* PBXTargetDependency */,
			);
			name = PawsTests;
			productName = PawsTests;
			productReference = FEA38BE31B321CCC006C8E04 /* PawsTests.xctest */;
			productType = "com.apple.product-type.bundle.unit-test";
		};
/* End PBXNativeTarget section */

/* Begin PBXProject section */
		FEA38BC61B321CCC006C8E04 /* Project object */ = {
			isa = PBXProject;
			attributes = {
				LastUpgradeCheck = 0630;
				ORGANIZATIONNAME = "Daniel Flax";
				TargetAttributes = {
					FEA38BCD1B321CCC006C8E04 = {
						CreatedOnToolsVersion = 6.3.1;
					};
					FEA38BE21B321CCC006C8E04 = {
						CreatedOnToolsVersion = 6.3.1;
						TestTargetID = FEA38BCD1B321CCC006C8E04;
					};
				};
			};
			buildConfigurationList = FEA38BC91B321CCC006C8E04 /* Build configuration list for PBXProject "Paws" */;
			compatibilityVersion = "Xcode 3.2";
			developmentRegion = English;
			hasScannedForEncodings = 0;
			knownRegions = (
				en,
				Base,
			);
			mainGroup = FEA38BC51B321CCC006C8E04;
			productRefGroup = FEA38BCF1B321CCC006C8E04 /* Products */;
			projectDirPath = "";
			projectRoot = "";
			targets = (
				FEA38BCD1B321CCC006C8E04 /* Paws */,
				FEA38BE21B321CCC006C8E04 /* PawsTests */,
			);
		};
/* End PBXProject section */

/* Begin PBXResourcesBuildPhase section */
		FEA38BCC1B321CCC006C8E04 /* Resources */ = {
			isa = PBXResourcesBuildPhase;
			buildActionMask = 2147483647;
			files = (
				FEA38BD91B321CCC006C8E04 /* Main.storyboard in Resources */,
				FEA38BDE1B321CCC006C8E04 /* LaunchScreen.xib in Resources */,
				FEA38BDB1B321CCC006C8E04 /* Images.xcassets in Resources */,
			);
			runOnlyForDeploymentPostprocessing = 0;
		};
		FEA38BE11B321CCC006C8E04 /* Resources */ = {
			isa = PBXResourcesBuildPhase;
			buildActionMask = 2147483647;
			files = (
			);
			runOnlyForDeploymentPostprocessing = 0;
		};
/* End PBXResourcesBuildPhase section */

/* Begin PBXShellScriptBuildPhase section */
		4755988BDD939622BB6796D0 /* Check Pods Manifest.lock */ = {
			isa = PBXShellScriptBuildPhase;
			buildActionMask = 2147483647;
			files = (
			);
			inputPaths = (
			);
			name = "Check Pods Manifest.lock";
			outputPaths = (
			);
			runOnlyForDeploymentPostprocessing = 0;
			shellPath = /bin/sh;
			shellScript = "diff \"${PODS_ROOT}/../Podfile.lock\" \"${PODS_ROOT}/Manifest.lock\" > /dev/null\nif [[ $? != 0 ]] ; then\n    cat << EOM\nerror: The sandbox is not in sync with the Podfile.lock. Run 'pod install' or update your CocoaPods installation.\nEOM\n    exit 1\nfi\n";
			showEnvVarsInLog = 0;
		};
		663CF69E1C169F55861E43AF /* Copy Pods Resources */ = {
			isa = PBXShellScriptBuildPhase;
			buildActionMask = 2147483647;
			files = (
			);
			inputPaths = (
			);
			name = "Copy Pods Resources";
			outputPaths = (
			);
			runOnlyForDeploymentPostprocessing = 0;
			shellPath = /bin/sh;
			shellScript = "\"${SRCROOT}/Pods/Target Support Files/Pods/Pods-resources.sh\"\n";
			showEnvVarsInLog = 0;
		};
/* End PBXShellScriptBuildPhase section */

/* Begin PBXSourcesBuildPhase section */
		FEA38BCA1B321CCC006C8E04 /* Sources */ = {
			isa = PBXSourcesBuildPhase;
			buildActionMask = 2147483647;
			files = (
				FEA38BD61B321CCC006C8E04 /* ViewController.swift in Sources */,
				FE8260881B330C4000B77C1D /* CatsTableViewController.swift in Sources */,
				FEA38BD41B321CCC006C8E04 /* AppDelegate.swift in Sources */,
			);
			runOnlyForDeploymentPostprocessing = 0;
		};
		FEA38BDF1B321CCC006C8E04 /* Sources */ = {
			isa = PBXSourcesBuildPhase;
			buildActionMask = 2147483647;
			files = (
				FEA38BEA1B321CCC006C8E04 /* PawsTests.swift in Sources */,
			);
			runOnlyForDeploymentPostprocessing = 0;
		};
/* End PBXSourcesBuildPhase section */

/* Begin PBXTargetDependency section */
		FEA38BE51B321CCC006C8E04 /* PBXTargetDependency */ = {
			isa = PBXTargetDependency;
			target = FEA38BCD1B321CCC006C8E04 /* Paws */;
			targetProxy = FEA38BE41B321CCC006C8E04 /* PBXContainerItemProxy */;
		};
/* End PBXTargetDependency section */

/* Begin PBXVariantGroup section */
		FEA38BD71B321CCC006C8E04 /* Main.storyboard */ = {
			isa = PBXVariantGroup;
			children = (
				FEA38BD81B321CCC006C8E04 /* Base */,
			);
			name = Main.storyboard;
			sourceTree = "<group>";
		};
		FEA38BDC1B321CCC006C8E04 /* LaunchScreen.xib */ = {
			isa = PBXVariantGroup;
			children = (
				FEA38BDD1B321CCC006C8E04 /* Base */,
			);
			name = LaunchScreen.xib;
			sourceTree = "<group>";
		};
/* End PBXVariantGroup section */

/* Begin XCBuildConfiguration section */
		FEA38BEB1B321CCC006C8E04 /* Debug */ = {
			isa = XCBuildConfiguration;
			buildSettings = {
				ALWAYS_SEARCH_USER_PATHS = NO;
				CLANG_CXX_LANGUAGE_STANDARD = "gnu++0x";
				CLANG_CXX_LIBRARY = "libc++";
				CLANG_ENABLE_MODULES = YES;
				CLANG_ENABLE_OBJC_ARC = YES;
				CLANG_WARN_BOOL_CONVERSION = YES;
				CLANG_WARN_CONSTANT_CONVERSION = YES;
				CLANG_WARN_DIRECT_OBJC_ISA_USAGE = YES_ERROR;
				CLANG_WARN_EMPTY_BODY = YES;
				CLANG_WARN_ENUM_CONVERSION = YES;
				CLANG_WARN_INT_CONVERSION = YES;
				CLANG_WARN_OBJC_ROOT_CLASS = YES_ERROR;
				CLANG_WARN_UNREACHABLE_CODE = YES;
				CLANG_WARN__DUPLICATE_METHOD_MATCH = YES;
				"CODE_SIGN_IDENTITY[sdk=iphoneos*]" = "iPhone Developer";
				COPY_PHASE_STRIP = NO;
				DEBUG_INFORMATION_FORMAT = "dwarf-with-dsym";
				ENABLE_STRICT_OBJC_MSGSEND = YES;
				GCC_C_LANGUAGE_STANDARD = gnu99;
				GCC_DYNAMIC_NO_PIC = NO;
				GCC_NO_COMMON_BLOCKS = YES;
				GCC_OPTIMIZATION_LEVEL = 0;
				GCC_PREPROCESSOR_DEFINITIONS = (
					"DEBUG=1",
					"$(inherited)",
				);
				GCC_SYMBOLS_PRIVATE_EXTERN = NO;
				GCC_WARN_64_TO_32_BIT_CONVERSION = YES;
				GCC_WARN_ABOUT_RETURN_TYPE = YES_ERROR;
				GCC_WARN_UNDECLARED_SELECTOR = YES;
				GCC_WARN_UNINITIALIZED_AUTOS = YES_AGGRESSIVE;
				GCC_WARN_UNUSED_FUNCTION = YES;
				GCC_WARN_UNUSED_VARIABLE = YES;
				IPHONEOS_DEPLOYMENT_TARGET = 8.3;
				MTL_ENABLE_DEBUG_INFO = YES;
				ONLY_ACTIVE_ARCH = YES;
				SDKROOT = iphoneos;
				SWIFT_OPTIMIZATION_LEVEL = "-Onone";
				TARGETED_DEVICE_FAMILY = "1,2";
			};
			name = Debug;
		};
		FEA38BEC1B321CCC006C8E04 /* Release */ = {
			isa = XCBuildConfiguration;
			buildSettings = {
				ALWAYS_SEARCH_USER_PATHS = NO;
				CLANG_CXX_LANGUAGE_STANDARD = "gnu++0x";
				CLANG_CXX_LIBRARY = "libc++";
				CLANG_ENABLE_MODULES = YES;
				CLANG_ENABLE_OBJC_ARC = YES;
				CLANG_WARN_BOOL_CONVERSION = YES;
				CLANG_WARN_CONSTANT_CONVERSION = YES;
				CLANG_WARN_DIRECT_OBJC_ISA_USAGE = YES_ERROR;
				CLANG_WARN_EMPTY_BODY = YES;
				CLANG_WARN_ENUM_CONVERSION = YES;
				CLANG_WARN_INT_CONVERSION = YES;
				CLANG_WARN_OBJC_ROOT_CLASS = YES_ERROR;
				CLANG_WARN_UNREACHABLE_CODE = YES;
				CLANG_WARN__DUPLICATE_METHOD_MATCH = YES;
				"CODE_SIGN_IDENTITY[sdk=iphoneos*]" = "iPhone Developer";
				COPY_PHASE_STRIP = NO;
				DEBUG_INFORMATION_FORMAT = "dwarf-with-dsym";
				ENABLE_NS_ASSERTIONS = NO;
				ENABLE_STRICT_OBJC_MSGSEND = YES;
				GCC_C_LANGUAGE_STANDARD = gnu99;
				GCC_NO_COMMON_BLOCKS = YES;
				GCC_WARN_64_TO_32_BIT_CONVERSION = YES;
				GCC_WARN_ABOUT_RETURN_TYPE = YES_ERROR;
				GCC_WARN_UNDECLARED_SELECTOR = YES;
				GCC_WARN_UNINITIALIZED_AUTOS = YES_AGGRESSIVE;
				GCC_WARN_UNUSED_FUNCTION = YES;
				GCC_WARN_UNUSED_VARIABLE = YES;
				IPHONEOS_DEPLOYMENT_TARGET = 8.3;
				MTL_ENABLE_DEBUG_INFO = NO;
				SDKROOT = iphoneos;
				TARGETED_DEVICE_FAMILY = "1,2";
				VALIDATE_PRODUCT = YES;
			};
			name = Release;
		};
		FEA38BEE1B321CCC006C8E04 /* Debug */ = {
			isa = XCBuildConfiguration;
			baseConfigurationReference = B1401939B033AA764449A237 /* Pods.debug.xcconfig */;
			buildSettings = {
				ASSETCATALOG_COMPILER_APPICON_NAME = AppIcon;
				CLANG_ENABLE_MODULES = YES;
				INFOPLIST_FILE = Paws/Info.plist;
				LD_RUNPATH_SEARCH_PATHS = "$(inherited) @executable_path/Frameworks";
				PRODUCT_NAME = "$(TARGET_NAME)";
				SWIFT_OBJC_BRIDGING_HEADER = "Paws/Paws-Bridging-Header.h";
				SWIFT_OPTIMIZATION_LEVEL = "-Onone";
			};
			name = Debug;
		};
		FEA38BEF1B321CCC006C8E04 /* Release */ = {
			isa = XCBuildConfiguration;
			baseConfigurationReference = 544903C17FF0D36390A30F8C /* Pods.release.xcconfig */;
			buildSettings = {
				ASSETCATALOG_COMPILER_APPICON_NAME = AppIcon;
				CLANG_ENABLE_MODULES = YES;
				INFOPLIST_FILE = Paws/Info.plist;
				LD_RUNPATH_SEARCH_PATHS = "$(inherited) @executable_path/Frameworks";
				PRODUCT_NAME = "$(TARGET_NAME)";
				SWIFT_OBJC_BRIDGING_HEADER = "Paws/Paws-Bridging-Header.h";
			};
			name = Release;
		};
		FEA38BF11B321CCC006C8E04 /* Debug */ = {
			isa = XCBuildConfiguration;
			buildSettings = {
				BUNDLE_LOADER = "$(TEST_HOST)";
				FRAMEWORK_SEARCH_PATHS = (
					"$(SDKROOT)/Developer/Library/Frameworks",
					"$(inherited)",
				);
				GCC_PREPROCESSOR_DEFINITIONS = (
					"DEBUG=1",
					"$(inherited)",
				);
				INFOPLIST_FILE = PawsTests/Info.plist;
				LD_RUNPATH_SEARCH_PATHS = "$(inherited) @executable_path/Frameworks @loader_path/Frameworks";
				PRODUCT_NAME = "$(TARGET_NAME)";
				TEST_HOST = "$(BUILT_PRODUCTS_DIR)/Paws.app/Paws";
			};
			name = Debug;
		};
		FEA38BF21B321CCC006C8E04 /* Release */ = {
			isa = XCBuildConfiguration;
			buildSettings = {
				BUNDLE_LOADER = "$(TEST_HOST)";
				FRAMEWORK_SEARCH_PATHS = (
					"$(SDKROOT)/Developer/Library/Frameworks",
					"$(inherited)",
				);
				INFOPLIST_FILE = PawsTests/Info.plist;
				LD_RUNPATH_SEARCH_PATHS = "$(inherited) @executable_path/Frameworks @loader_path/Frameworks";
				PRODUCT_NAME = "$(TARGET_NAME)";
				TEST_HOST = "$(BUILT_PRODUCTS_DIR)/Paws.app/Paws";
			};
			name = Release;
		};
/* End XCBuildConfiguration section */

/* Begin XCConfigurationList section */
		FEA38BC91B321CCC006C8E04 /* Build configuration list for PBXProject "Paws" */ = {
			isa = XCConfigurationList;
			buildConfigurations = (
				FEA38BEB1B321CCC006C8E04 /* Debug */,
				FEA38BEC1B321CCC006C8E04 /* Release */,
			);
			defaultConfigurationIsVisible = 0;
			defaultConfigurationName = Release;
		};
		FEA38BED1B321CCC006C8E04 /* Build configuration list for PBXNativeTarget "Paws" */ = {
			isa = XCConfigurationList;
			buildConfigurations = (
				FEA38BEE1B321CCC006C8E04 /* Debug */,
				FEA38BEF1B321CCC006C8E04 /* Release */,
			);
			defaultConfigurationIsVisible = 0;
			defaultConfigurationName = Release;
		};
		FEA38BF01B321CCC006C8E04 /* Build configuration list for PBXNativeTarget "PawsTests" */ = {
			isa = XCConfigurationList;
			buildConfigurations = (
				FEA38BF11B321CCC006C8E04 /* Debug */,
				FEA38BF21B321CCC006C8E04 /* Release */,
			);
			defaultConfigurationIsVisible = 0;
			defaultConfigurationName = Release;
		};
/* End XCConfigurationList section */
	};
	rootObject = FEA38BC61B321CCC006C8E04 /* Project object */;
}
